<?xml version="1.0" encoding="utf-8"?>
<Project ToolsVersion="4.0" xmlns="http://schemas.microsoft.com/developer/msbuild/2003">
  <ItemGroup>
    <Filter Include="Source Files">
      <UniqueIdentifier>{4FC737F1-C7A5-4376-A066-2A32D752A2FF}</UniqueIdentifier>
      <Extensions>cpp;c;cc;cxx;def;odl;idl;hpj;bat;asm;asmx</Extensions>
    </Filter>
    <Filter Include="Header Files">
      <UniqueIdentifier>{93995380-89BD-4b04-88EB-625FBE52EBFB}</UniqueIdentifier>
      <Extensions>h;hh;hpp;hxx;hm;inl;inc;ipp;xsd</Extensions>
    </Filter>
    <Filter Include="Resource Files">
      <UniqueIdentifier>{67DA6AB6-F800-4c08-8B7A-83BB121AAD01}</UniqueIdentifier>
      <Extensions>rc;ico;cur;bmp;dlg;rc2;rct;bin;rgs;gif;jpg;jpeg;jpe;resx;tiff;tif;png;wav;mfcribbon-ms</Extensions>
    </Filter>
    <Filter Include="Header Files\Core">
      <UniqueIdentifier>{03ccbef1-fc9f-4f62-ad64-54bb6b9cdcb0}</UniqueIdentifier>
    </Filter>
    <Filter Include="Header Files\Core\Main">
      <UniqueIdentifier>{e94694e9-cf3f-4db8-a0a0-4356c1729446}</UniqueIdentifier>
    </Filter>
    <Filter Include="Header Files\Core\Defines">
      <UniqueIdentifier>{a6185159-d87a-4f7a-8329-488218419457}</UniqueIdentifier>
    </Filter>
    <Filter Include="Header Files\Core\Systems">
      <UniqueIdentifier>{2e107ae9-049c-4e58-a098-d0fcb7b24cdf}</UniqueIdentifier>
    </Filter>
    <Filter Include="Header Files\Core\SceneGraph">
      <UniqueIdentifier>{5b7cf291-c81e-4010-aa8b-b3001eeb5409}</UniqueIdentifier>
    </Filter>
    <Filter Include="Header Files\Core\SceneGraph\Base">
      <UniqueIdentifier>{d710d20a-7fe0-4f58-82fa-3f484ae797af}</UniqueIdentifier>
    </Filter>
    <Filter Include="Header Files\Core\Defines\Context">
      <UniqueIdentifier>{0dce96c7-3a60-4077-8880-578f49a02fe8}</UniqueIdentifier>
    </Filter>
  </ItemGroup>
  <ItemGroup>
    <ClCompile Include="WinMain.cpp">
      <Filter>Header Files\Core\Main</Filter>
    </ClCompile>
    <ClCompile Include="Engine.cpp">
      <Filter>Source Files</Filter>
    </ClCompile>
    <ClCompile Include="UObject.cpp">
      <Filter>Source Files</Filter>
    </ClCompile>
    <ClCompile Include="System.cpp">
      <Filter>Source Files</Filter>
    </ClCompile>
    <ClCompile Include="Game.cpp">
      <Filter>Source Files</Filter>
    </ClCompile>
  </ItemGroup>
  <ItemGroup>
    <ClInclude Include="WinMain.h">
      <Filter>Header Files\Core\Main</Filter>
    </ClInclude>
    <ClInclude Include="string.h">
      <Filter>Header Files\Core\Defines</Filter>
    </ClInclude>
    <ClInclude Include="iostream.h">
      <Filter>Header Files\Core\Defines</Filter>
    </ClInclude>
    <ClInclude Include="Engine.h">
      <Filter>Header Files</Filter>
    </ClInclude>
    <ClInclude Include="deletemacros.h">
      <Filter>Header Files\Core\Defines</Filter>
    </ClInclude>
    <ClInclude Include="UObject.h">
      <Filter>Header Files</Filter>
    </ClInclude>
    <ClInclude Include="System.h">
      <Filter>Header Files</Filter>
    </ClInclude>
    <ClInclude Include="Game.h">
      <Filter>Header Files</Filter>
    </ClInclude>
    <ClInclude Include="context.h">
      <Filter>Header Files\Core\Defines\Context</Filter>
    </ClInclude>
  </ItemGroup>
</Project>